
Microsoft Visual Studio Solution File, Format Version 12.00
# Visual Studio Version 17
VisualStudioVersion = 17.5.002.0
MinimumVisualStudioVersion = 10.0.40219.1
Project("{9A19103F-16F7-4668-BE54-9A1E7A4F7556}") = "SupportBank", "SupportBank.csproj", "{B6F23C3B-9564-4070-A1CA-1025FE1796A2}"
EndProject
Global
	GlobalSection(SolutionConfigurationPlatforms) = preSolution
		Debug|Any CPU = Debug|Any CPU
		Release|Any CPU = Release|Any CPU
	EndGlobalSection
	GlobalSection(ProjectConfigurationPlatforms) = postSolution
		{B6F23C3B-9564-4070-A1CA-1025FE1796A2}.Debug|Any CPU.ActiveCfg = Debug|Any CPU
		{B6F23C3B-9564-4070-A1CA-1025FE1796A2}.Debug|Any CPU.Build.0 = Debug|Any CPU
		{B6F23C3B-9564-4070-A1CA-1025FE1796A2}.Release|Any CPU.ActiveCfg = Release|Any CPU
		{B6F23C3B-9564-4070-A1CA-1025FE1796A2}.Release|Any CPU.Build.0 = Release|Any CPU
	EndGlobalSection
	GlobalSection(SolutionProperties) = preSolution
		HideSolutionNode = FALSE
	EndGlobalSection
	GlobalSection(ExtensibilityGlobals) = postSolution
		SolutionGuid = {7585F9EE-BF40-4C44-9995-68E350D894C0}
	EndGlobalSection
EndGlobal
